// !$*UTF8*$!
{
	archiveVersion = 1;
	classes = {
	};
	objectVersion = 50;
	objects = {

/* Begin PBXBuildFile section */
		A3381AFA2334B6C300FA5F22 /* main.cpp in Sources */ = {isa = PBXBuildFile; fileRef = A3381AF92334B6C300FA5F22 /* main.cpp */; };
		A3381B042334E37D00FA5F22 /* lexer.cpp in Sources */ = {isa = PBXBuildFile; fileRef = A3381B032334E37D00FA5F22 /* lexer.cpp */; };
		A3381B072334E4B200FA5F22 /* error.cpp in Sources */ = {isa = PBXBuildFile; fileRef = A3381B052334E4B200FA5F22 /* error.cpp */; };
		A3381B112335584700FA5F22 /* parser.cpp in Sources */ = {isa = PBXBuildFile; fileRef = A3381B0F2335584700FA5F22 /* parser.cpp */; };
		A3381B142335686E00FA5F22 /* allocator.cpp in Sources */ = {isa = PBXBuildFile; fileRef = A3381B122335686E00FA5F22 /* allocator.cpp */; };
		A3381B172335F66A00FA5F22 /* linear_allocator.cpp in Sources */ = {isa = PBXBuildFile; fileRef = A3381B152335F66A00FA5F22 /* linear_allocator.cpp */; };
		A3381B1B2337AD5100FA5F22 /* file.cpp in Sources */ = {isa = PBXBuildFile; fileRef = A3381B1A2337AD5100FA5F22 /* file.cpp */; };
		A358B1D0233B71FE00EE72A2 /* scope.cpp in Sources */ = {isa = PBXBuildFile; fileRef = A358B1CF233B71FE00EE72A2 /* scope.cpp */; };
		A358B1D2233B7B4B00EE72A2 /* type.cpp in Sources */ = {isa = PBXBuildFile; fileRef = A358B1D1233B7B4B00EE72A2 /* type.cpp */; };
		A358B1D5233BB18300EE72A2 /* mir.cpp in Sources */ = {isa = PBXBuildFile; fileRef = A358B1D4233BB18300EE72A2 /* mir.cpp */; };
		A358B1D8233BCFE700EE72A2 /* interpreter.cpp in Sources */ = {isa = PBXBuildFile; fileRef = A358B1D6233BCFE700EE72A2 /* interpreter.cpp */; };
		A358B1E2233C93D400EE72A2 /* main.cpp in Sources */ = {isa = PBXBuildFile; fileRef = A358B1E1233C93D400EE72A2 /* main.cpp */; };
		A358B1E7233C941000EE72A2 /* main.cpp in Sources */ = {isa = PBXBuildFile; fileRef = A358B1E6233C941000EE72A2 /* main.cpp */; };
		A358B1E8233C95D700EE72A2 /* error.cpp in Sources */ = {isa = PBXBuildFile; fileRef = A3381B052334E4B200FA5F22 /* error.cpp */; };
		A358B1E9233C95DA00EE72A2 /* interpreter.cpp in Sources */ = {isa = PBXBuildFile; fileRef = A358B1D6233BCFE700EE72A2 /* interpreter.cpp */; };
		A358B1EA233C95E100EE72A2 /* scope.cpp in Sources */ = {isa = PBXBuildFile; fileRef = A358B1CF233B71FE00EE72A2 /* scope.cpp */; };
		A358B1EB233C95E600EE72A2 /* type.cpp in Sources */ = {isa = PBXBuildFile; fileRef = A358B1D1233B7B4B00EE72A2 /* type.cpp */; };
		A358B1EC233C95F100EE72A2 /* validator.cpp in Sources */ = {isa = PBXBuildFile; fileRef = A3592782233A65A200A60F6E /* validator.cpp */; };
		A358B1ED233C95F500EE72A2 /* mir.cpp in Sources */ = {isa = PBXBuildFile; fileRef = A358B1D4233BB18300EE72A2 /* mir.cpp */; };
		A358B1EE233C95FB00EE72A2 /* parser.cpp in Sources */ = {isa = PBXBuildFile; fileRef = A3381B0F2335584700FA5F22 /* parser.cpp */; };
		A358B1EF233C95FD00EE72A2 /* lexer.cpp in Sources */ = {isa = PBXBuildFile; fileRef = A3381B032334E37D00FA5F22 /* lexer.cpp */; };
		A358B1F0233C961500EE72A2 /* file.cpp in Sources */ = {isa = PBXBuildFile; fileRef = A3381B1A2337AD5100FA5F22 /* file.cpp */; };
		A358B1F1233C963D00EE72A2 /* linear_allocator.cpp in Sources */ = {isa = PBXBuildFile; fileRef = A3381B152335F66A00FA5F22 /* linear_allocator.cpp */; };
		A358B1F2233C966600EE72A2 /* allocator.cpp in Sources */ = {isa = PBXBuildFile; fileRef = A3381B122335686E00FA5F22 /* allocator.cpp */; };
		A358B1F4233C96DC00EE72A2 /* editor.cpp in Sources */ = {isa = PBXBuildFile; fileRef = A358B1F3233C96DC00EE72A2 /* editor.cpp */; };
		A3592784233A65A200A60F6E /* validator.cpp in Sources */ = {isa = PBXBuildFile; fileRef = A3592782233A65A200A60F6E /* validator.cpp */; };
/* End PBXBuildFile section */

/* Begin PBXCopyFilesBuildPhase section */
		A3381AF42334B6C300FA5F22 /* CopyFiles */ = {
			isa = PBXCopyFilesBuildPhase;
			buildActionMask = 2147483647;
			dstPath = /usr/share/man/man1/;
			dstSubfolderSpec = 0;
			files = (
			);
			runOnlyForDeploymentPostprocessing = 1;
		};
		A358B1DD233C93D400EE72A2 /* CopyFiles */ = {
			isa = PBXCopyFilesBuildPhase;
			buildActionMask = 2147483647;
			dstPath = /usr/share/man/man1/;
			dstSubfolderSpec = 0;
			files = (
			);
			runOnlyForDeploymentPostprocessing = 1;
		};
/* End PBXCopyFilesBuildPhase section */

/* Begin PBXFileReference section */
		A3381AF62334B6C300FA5F22 /* TopLangCompiler */ = {isa = PBXFileReference; explicitFileType = "compiled.mach-o.executable"; includeInIndex = 0; path = TopLangCompiler; sourceTree = BUILT_PRODUCTS_DIR; };
		A3381AF92334B6C300FA5F22 /* main.cpp */ = {isa = PBXFileReference; lastKnownFileType = sourcecode.cpp.cpp; path = main.cpp; sourceTree = "<group>"; };
		A3381B002334B6E700FA5F22 /* lexer.h */ = {isa = PBXFileReference; lastKnownFileType = sourcecode.c.h; path = lexer.h; sourceTree = "<group>"; };
		A3381B032334E37D00FA5F22 /* lexer.cpp */ = {isa = PBXFileReference; lastKnownFileType = sourcecode.cpp.cpp; path = lexer.cpp; sourceTree = "<group>"; };
		A3381B052334E4B200FA5F22 /* error.cpp */ = {isa = PBXFileReference; lastKnownFileType = sourcecode.cpp.cpp; path = error.cpp; sourceTree = "<group>"; };
		A3381B062334E4B200FA5F22 /* error.h */ = {isa = PBXFileReference; lastKnownFileType = sourcecode.c.h; path = error.h; sourceTree = "<group>"; };
		A3381B082334FFF200FA5F22 /* array.h */ = {isa = PBXFileReference; lastKnownFileType = sourcecode.c.h; path = array.h; sourceTree = "<group>"; };
		A3381B09233516D200FA5F22 /* string.h */ = {isa = PBXFileReference; lastKnownFileType = sourcecode.c.h; path = string.h; sourceTree = "<group>"; };
		A3381B0E2335222900FA5F22 /* memory_pool.h */ = {isa = PBXFileReference; lastKnownFileType = sourcecode.c.h; path = memory_pool.h; sourceTree = "<group>"; };
		A3381B0F2335584700FA5F22 /* parser.cpp */ = {isa = PBXFileReference; lastKnownFileType = sourcecode.cpp.cpp; path = parser.cpp; sourceTree = "<group>"; };
		A3381B102335584700FA5F22 /* parser.h */ = {isa = PBXFileReference; lastKnownFileType = sourcecode.c.h; path = parser.h; sourceTree = "<group>"; };
		A3381B122335686E00FA5F22 /* allocator.cpp */ = {isa = PBXFileReference; lastKnownFileType = sourcecode.cpp.cpp; path = allocator.cpp; sourceTree = "<group>"; };
		A3381B132335686E00FA5F22 /* allocator.h */ = {isa = PBXFileReference; lastKnownFileType = sourcecode.c.h; path = allocator.h; sourceTree = "<group>"; };
		A3381B152335F66A00FA5F22 /* linear_allocator.cpp */ = {isa = PBXFileReference; lastKnownFileType = sourcecode.cpp.cpp; path = linear_allocator.cpp; sourceTree = "<group>"; };
		A3381B162335F66A00FA5F22 /* linear_allocator.h */ = {isa = PBXFileReference; lastKnownFileType = sourcecode.c.h; path = linear_allocator.h; sourceTree = "<group>"; };
		A3381B182337701500FA5F22 /* helper.h */ = {isa = PBXFileReference; lastKnownFileType = sourcecode.c.h; path = helper.h; sourceTree = "<group>"; };
		A3381B192337AD3B00FA5F22 /* file.h */ = {isa = PBXFileReference; lastKnownFileType = sourcecode.c.h; path = file.h; sourceTree = "<group>"; };
		A3381B1A2337AD5100FA5F22 /* file.cpp */ = {isa = PBXFileReference; lastKnownFileType = sourcecode.cpp.cpp; path = file.cpp; sourceTree = "<group>"; };
		A3381B1C2337AD9B00FA5F22 /* test */ = {isa = PBXFileReference; lastKnownFileType = folder; path = test; sourceTree = "<group>"; };
		A358B1CF233B71FE00EE72A2 /* scope.cpp */ = {isa = PBXFileReference; lastKnownFileType = sourcecode.cpp.cpp; path = scope.cpp; sourceTree = "<group>"; };
		A358B1D1233B7B4B00EE72A2 /* type.cpp */ = {isa = PBXFileReference; lastKnownFileType = sourcecode.cpp.cpp; path = type.cpp; sourceTree = "<group>"; };
		A358B1D3233BB17200EE72A2 /* mir.h */ = {isa = PBXFileReference; lastKnownFileType = sourcecode.c.h; path = mir.h; sourceTree = "<group>"; };
		A358B1D4233BB18300EE72A2 /* mir.cpp */ = {isa = PBXFileReference; lastKnownFileType = sourcecode.cpp.cpp; path = mir.cpp; sourceTree = "<group>"; };
		A358B1D6233BCFE700EE72A2 /* interpreter.cpp */ = {isa = PBXFileReference; lastKnownFileType = sourcecode.cpp.cpp; path = interpreter.cpp; sourceTree = "<group>"; };
		A358B1D7233BCFE700EE72A2 /* interpreter.h */ = {isa = PBXFileReference; lastKnownFileType = sourcecode.c.h; path = interpreter.h; sourceTree = "<group>"; };
		A358B1D9233BD19200EE72A2 /* bytebuffer.h */ = {isa = PBXFileReference; lastKnownFileType = sourcecode.c.h; path = bytebuffer.h; sourceTree = "<group>"; };
		A358B1DF233C93D400EE72A2 /* CodeEditor */ = {isa = PBXFileReference; explicitFileType = "compiled.mach-o.executable"; includeInIndex = 0; path = CodeEditor; sourceTree = BUILT_PRODUCTS_DIR; };
		A358B1E1233C93D400EE72A2 /* main.cpp */ = {isa = PBXFileReference; lastKnownFileType = sourcecode.cpp.cpp; path = main.cpp; sourceTree = "<group>"; };
		A358B1E6233C941000EE72A2 /* main.cpp */ = {isa = PBXFileReference; lastKnownFileType = sourcecode.cpp.cpp; path = main.cpp; sourceTree = "<group>"; };
		A358B1F3233C96DC00EE72A2 /* editor.cpp */ = {isa = PBXFileReference; lastKnownFileType = sourcecode.cpp.cpp; path = editor.cpp; sourceTree = "<group>"; };
		A358B1F5233C96E600EE72A2 /* editor.h */ = {isa = PBXFileReference; lastKnownFileType = sourcecode.c.h; path = editor.h; sourceTree = "<group>"; };
		A3592782233A65A200A60F6E /* validator.cpp */ = {isa = PBXFileReference; lastKnownFileType = sourcecode.cpp.cpp; path = validator.cpp; sourceTree = "<group>"; };
		A3592783233A65A200A60F6E /* validator.h */ = {isa = PBXFileReference; lastKnownFileType = sourcecode.c.h; path = validator.h; sourceTree = "<group>"; };
		A3592785233A663900A60F6E /* scope.h */ = {isa = PBXFileReference; lastKnownFileType = sourcecode.c.h; path = scope.h; sourceTree = "<group>"; };
		A359278E233A682B00A60F6E /* type.h */ = {isa = PBXFileReference; lastKnownFileType = sourcecode.c.h; path = type.h; sourceTree = "<group>"; };
/* End PBXFileReference section */

/* Begin PBXFrameworksBuildPhase section */
		A3381AF32334B6C300FA5F22 /* Frameworks */ = {
			isa = PBXFrameworksBuildPhase;
			buildActionMask = 2147483647;
			files = (
			);
			runOnlyForDeploymentPostprocessing = 0;
		};
		A358B1DC233C93D400EE72A2 /* Frameworks */ = {
			isa = PBXFrameworksBuildPhase;
			buildActionMask = 2147483647;
			files = (
			);
			runOnlyForDeploymentPostprocessing = 0;
		};
/* End PBXFrameworksBuildPhase section */

/* Begin PBXGroup section */
		A3381AED2334B6C300FA5F22 = {
			isa = PBXGroup;
			children = (
				A358B1DA233C93A400EE72A2 /* CodeEditor */,
				A3381B1C2337AD9B00FA5F22 /* test */,
				A3381AF82334B6C300FA5F22 /* TopLangCompiler */,
				A358B1E0233C93D400EE72A2 /* CodeEditor */,
				A3381AF72334B6C300FA5F22 /* Products */,
			);
			sourceTree = "<group>";
		};
		A3381AF72334B6C300FA5F22 /* Products */ = {
			isa = PBXGroup;
			children = (
				A3381AF62334B6C300FA5F22 /* TopLangCompiler */,
				A358B1DF233C93D400EE72A2 /* CodeEditor */,
			);
			name = Products;
			sourceTree = "<group>";
		};
		A3381AF82334B6C300FA5F22 /* TopLangCompiler */ = {
			isa = PBXGroup;
			children = (
				A359278D233A66AA00A60F6E /* error */,
				A359278C233A66A300A60F6E /* core */,
				A359278B233A667400A60F6E /* llvm */,
				A359278A233A666700A60F6E /* interpreter */,
				A3592789233A665B00A60F6E /* mir */,
				A3592788233A664F00A60F6E /* validation */,
				A3592787233A664A00A60F6E /* parsing */,
				A3592786233A664200A60F6E /* lexing */,
				A3381AF92334B6C300FA5F22 /* main.cpp */,
			);
			path = TopLangCompiler;
			sourceTree = "<group>";
		};
		A358B1DA233C93A400EE72A2 /* CodeEditor */ = {
			isa = PBXGroup;
			children = (
				A358B1E6233C941000EE72A2 /* main.cpp */,
				A358B1F3233C96DC00EE72A2 /* editor.cpp */,
				A358B1F5233C96E600EE72A2 /* editor.h */,
			);
			path = CodeEditor;
			sourceTree = "<group>";
		};
		A358B1E0233C93D400EE72A2 /* CodeEditor */ = {
			isa = PBXGroup;
			children = (
				A358B1E1233C93D400EE72A2 /* main.cpp */,
			);
			path = CodeEditor;
			sourceTree = "<group>";
		};
		A3592786233A664200A60F6E /* lexing */ = {
			isa = PBXGroup;
			children = (
				A3381B032334E37D00FA5F22 /* lexer.cpp */,
				A3381B002334B6E700FA5F22 /* lexer.h */,
			);
			path = lexing;
			sourceTree = "<group>";
		};
		A3592787233A664A00A60F6E /* parsing */ = {
			isa = PBXGroup;
			children = (
				A3381B102335584700FA5F22 /* parser.h */,
				A3381B0F2335584700FA5F22 /* parser.cpp */,
			);
			path = parsing;
			sourceTree = "<group>";
		};
		A3592788233A664F00A60F6E /* validation */ = {
			isa = PBXGroup;
			children = (
				A3592785233A663900A60F6E /* scope.h */,
				A3592783233A65A200A60F6E /* validator.h */,
				A3592782233A65A200A60F6E /* validator.cpp */,
				A359278E233A682B00A60F6E /* type.h */,
				A358B1CF233B71FE00EE72A2 /* scope.cpp */,
				A358B1D1233B7B4B00EE72A2 /* type.cpp */,
			);
			path = validation;
			sourceTree = "<group>";
		};
		A3592789233A665B00A60F6E /* mir */ = {
			isa = PBXGroup;
			children = (
				A358B1D3233BB17200EE72A2 /* mir.h */,
				A358B1D4233BB18300EE72A2 /* mir.cpp */,
			);
			path = mir;
			sourceTree = "<group>";
		};
		A359278A233A666700A60F6E /* interpreter */ = {
			isa = PBXGroup;
			children = (
				A358B1D6233BCFE700EE72A2 /* interpreter.cpp */,
				A358B1D7233BCFE700EE72A2 /* interpreter.h */,
			);
			path = interpreter;
			sourceTree = "<group>";
		};
		A359278B233A667400A60F6E /* llvm */ = {
			isa = PBXGroup;
			children = (
			);
			path = llvm;
			sourceTree = "<group>";
		};
		A359278C233A66A300A60F6E /* core */ = {
			isa = PBXGroup;
			children = (
				A3381B0E2335222900FA5F22 /* memory_pool.h */,
				A3381B09233516D200FA5F22 /* string.h */,
				A3381B082334FFF200FA5F22 /* array.h */,
				A3381B122335686E00FA5F22 /* allocator.cpp */,
				A3381B132335686E00FA5F22 /* allocator.h */,
				A3381B152335F66A00FA5F22 /* linear_allocator.cpp */,
				A3381B162335F66A00FA5F22 /* linear_allocator.h */,
				A3381B192337AD3B00FA5F22 /* file.h */,
				A3381B1A2337AD5100FA5F22 /* file.cpp */,
				A3381B182337701500FA5F22 /* helper.h */,
				A358B1D9233BD19200EE72A2 /* bytebuffer.h */,
			);
			path = core;
			sourceTree = "<group>";
		};
		A359278D233A66AA00A60F6E /* error */ = {
			isa = PBXGroup;
			children = (
				A3381B062334E4B200FA5F22 /* error.h */,
				A3381B052334E4B200FA5F22 /* error.cpp */,
			);
			path = error;
			sourceTree = "<group>";
		};
/* End PBXGroup section */

/* Begin PBXNativeTarget section */
		A3381AF52334B6C300FA5F22 /* TopLangCompiler */ = {
			isa = PBXNativeTarget;
			buildConfigurationList = A3381AFD2334B6C300FA5F22 /* Build configuration list for PBXNativeTarget "TopLangCompiler" */;
			buildPhases = (
				A3381AF22334B6C300FA5F22 /* Sources */,
				A3381AF32334B6C300FA5F22 /* Frameworks */,
				A3381AF42334B6C300FA5F22 /* CopyFiles */,
			);
			buildRules = (
			);
			dependencies = (
			);
			name = TopLangCompiler;
			productName = TopLangCompiler;
			productReference = A3381AF62334B6C300FA5F22 /* TopLangCompiler */;
			productType = "com.apple.product-type.tool";
		};
		A358B1DE233C93D400EE72A2 /* CodeEditor */ = {
			isa = PBXNativeTarget;
			buildConfigurationList = A358B1E3233C93D400EE72A2 /* Build configuration list for PBXNativeTarget "CodeEditor" */;
			buildPhases = (
				A358B1DB233C93D400EE72A2 /* Sources */,
				A358B1DC233C93D400EE72A2 /* Frameworks */,
				A358B1DD233C93D400EE72A2 /* CopyFiles */,
			);
			buildRules = (
			);
			dependencies = (
			);
			name = CodeEditor;
			productName = CodeEditor;
			productReference = A358B1DF233C93D400EE72A2 /* CodeEditor */;
			productType = "com.apple.product-type.tool";
		};
/* End PBXNativeTarget section */

/* Begin PBXProject section */
		A3381AEE2334B6C300FA5F22 /* Project object */ = {
			isa = PBXProject;
			attributes = {
				LastUpgradeCheck = 1010;
				ORGANIZATIONNAME = "Lucas Goetz";
				TargetAttributes = {
					A3381AF52334B6C300FA5F22 = {
						CreatedOnToolsVersion = 10.1;
					};
					A358B1DE233C93D400EE72A2 = {
						CreatedOnToolsVersion = 10.1;
					};
				};
			};
			buildConfigurationList = A3381AF12334B6C300FA5F22 /* Build configuration list for PBXProject "TopLangCompiler" */;
			compatibilityVersion = "Xcode 9.3";
			developmentRegion = en;
			hasScannedForEncodings = 0;
			knownRegions = (
				en,
			);
			mainGroup = A3381AED2334B6C300FA5F22;
			productRefGroup = A3381AF72334B6C300FA5F22 /* Products */;
			projectDirPath = "";
			projectRoot = "";
			targets = (
				A3381AF52334B6C300FA5F22 /* TopLangCompiler */,
				A358B1DE233C93D400EE72A2 /* CodeEditor */,
			);
		};
/* End PBXProject section */

/* Begin PBXSourcesBuildPhase section */
		A3381AF22334B6C300FA5F22 /* Sources */ = {
			isa = PBXSourcesBuildPhase;
			buildActionMask = 2147483647;
			files = (
				A3381B112335584700FA5F22 /* parser.cpp in Sources */,
				A358B1D0233B71FE00EE72A2 /* scope.cpp in Sources */,
				A3381B042334E37D00FA5F22 /* lexer.cpp in Sources */,
				A358B1D2233B7B4B00EE72A2 /* type.cpp in Sources */,
				A3381B1B2337AD5100FA5F22 /* file.cpp in Sources */,
				A3381B142335686E00FA5F22 /* allocator.cpp in Sources */,
				A3592784233A65A200A60F6E /* validator.cpp in Sources */,
				A3381AFA2334B6C300FA5F22 /* main.cpp in Sources */,
				A358B1D8233BCFE700EE72A2 /* interpreter.cpp in Sources */,
				A358B1D5233BB18300EE72A2 /* mir.cpp in Sources */,
				A3381B172335F66A00FA5F22 /* linear_allocator.cpp in Sources */,
				A3381B072334E4B200FA5F22 /* error.cpp in Sources */,
			);
			runOnlyForDeploymentPostprocessing = 0;
		};
		A358B1DB233C93D400EE72A2 /* Sources */ = {
			isa = PBXSourcesBuildPhase;
			buildActionMask = 2147483647;
			files = (
				A358B1ED233C95F500EE72A2 /* mir.cpp in Sources */,
				A358B1EA233C95E100EE72A2 /* scope.cpp in Sources */,
				A358B1EF233C95FD00EE72A2 /* lexer.cpp in Sources */,
				A358B1E9233C95DA00EE72A2 /* interpreter.cpp in Sources */,
				A358B1F1233C963D00EE72A2 /* linear_allocator.cpp in Sources */,
				A358B1E7233C941000EE72A2 /* main.cpp in Sources */,
				A358B1EE233C95FB00EE72A2 /* parser.cpp in Sources */,
				A358B1EC233C95F100EE72A2 /* validator.cpp in Sources */,
				A358B1F0233C961500EE72A2 /* file.cpp in Sources */,
				A358B1F2233C966600EE72A2 /* allocator.cpp in Sources */,
				A358B1F4233C96DC00EE72A2 /* editor.cpp in Sources */,
				A358B1E2233C93D400EE72A2 /* main.cpp in Sources */,
				A358B1E8233C95D700EE72A2 /* error.cpp in Sources */,
				A358B1EB233C95E600EE72A2 /* type.cpp in Sources */,
			);
			runOnlyForDeploymentPostprocessing = 0;
		};
/* End PBXSourcesBuildPhase section */

/* Begin XCBuildConfiguration section */
		A3381AFB2334B6C300FA5F22 /* Debug */ = {
			isa = XCBuildConfiguration;
			buildSettings = {
				ALWAYS_SEARCH_USER_PATHS = NO;
				CLANG_ANALYZER_NONNULL = YES;
				CLANG_ANALYZER_NUMBER_OBJECT_CONVERSION = YES_AGGRESSIVE;
				CLANG_CXX_LANGUAGE_STANDARD = "gnu++14";
				CLANG_CXX_LIBRARY = "libc++";
				CLANG_ENABLE_MODULES = YES;
				CLANG_ENABLE_OBJC_ARC = YES;
				CLANG_ENABLE_OBJC_WEAK = YES;
				CLANG_WARN_BLOCK_CAPTURE_AUTORELEASING = YES;
				CLANG_WARN_BOOL_CONVERSION = YES;
				CLANG_WARN_COMMA = YES;
				CLANG_WARN_CONSTANT_CONVERSION = YES;
				CLANG_WARN_DEPRECATED_OBJC_IMPLEMENTATIONS = YES;
				CLANG_WARN_DIRECT_OBJC_ISA_USAGE = YES_ERROR;
				CLANG_WARN_DOCUMENTATION_COMMENTS = YES;
				CLANG_WARN_EMPTY_BODY = YES;
				CLANG_WARN_ENUM_CONVERSION = YES;
				CLANG_WARN_INFINITE_RECURSION = YES;
				CLANG_WARN_INT_CONVERSION = YES;
				CLANG_WARN_NON_LITERAL_NULL_CONVERSION = YES;
				CLANG_WARN_OBJC_IMPLICIT_RETAIN_SELF = YES;
				CLANG_WARN_OBJC_LITERAL_CONVERSION = YES;
				CLANG_WARN_OBJC_ROOT_CLASS = YES_ERROR;
				CLANG_WARN_RANGE_LOOP_ANALYSIS = YES;
				CLANG_WARN_STRICT_PROTOTYPES = YES;
				CLANG_WARN_SUSPICIOUS_MOVE = YES;
				CLANG_WARN_UNGUARDED_AVAILABILITY = YES_AGGRESSIVE;
				CLANG_WARN_UNREACHABLE_CODE = YES;
				CLANG_WARN__DUPLICATE_METHOD_MATCH = YES;
				CODE_SIGN_IDENTITY = "Mac Developer";
				COPY_PHASE_STRIP = NO;
				DEBUG_INFORMATION_FORMAT = dwarf;
				ENABLE_STRICT_OBJC_MSGSEND = YES;
				ENABLE_TESTABILITY = YES;
				GCC_C_LANGUAGE_STANDARD = gnu11;
				GCC_DYNAMIC_NO_PIC = NO;
				GCC_NO_COMMON_BLOCKS = YES;
				GCC_OPTIMIZATION_LEVEL = 0;
				GCC_PREPROCESSOR_DEFINITIONS = (
					"DEBUG=1",
					"$(inherited)",
				);
				GCC_WARN_64_TO_32_BIT_CONVERSION = YES;
				GCC_WARN_ABOUT_RETURN_TYPE = YES_ERROR;
				GCC_WARN_UNDECLARED_SELECTOR = YES;
				GCC_WARN_UNINITIALIZED_AUTOS = YES_AGGRESSIVE;
				GCC_WARN_UNUSED_FUNCTION = YES;
				GCC_WARN_UNUSED_VARIABLE = YES;
				MACOSX_DEPLOYMENT_TARGET = 10.13;
				MTL_ENABLE_DEBUG_INFO = INCLUDE_SOURCE;
				MTL_FAST_MATH = YES;
				ONLY_ACTIVE_ARCH = YES;
				SDKROOT = macosx;
			};
			name = Debug;
		};
		A3381AFC2334B6C300FA5F22 /* Release */ = {
			isa = XCBuildConfiguration;
			buildSettings = {
				ALWAYS_SEARCH_USER_PATHS = NO;
				CLANG_ANALYZER_NONNULL = YES;
				CLANG_ANALYZER_NUMBER_OBJECT_CONVERSION = YES_AGGRESSIVE;
				CLANG_CXX_LANGUAGE_STANDARD = "gnu++14";
				CLANG_CXX_LIBRARY = "libc++";
				CLANG_ENABLE_MODULES = YES;
				CLANG_ENABLE_OBJC_ARC = YES;
				CLANG_ENABLE_OBJC_WEAK = YES;
				CLANG_WARN_BLOCK_CAPTURE_AUTORELEASING = YES;
				CLANG_WARN_BOOL_CONVERSION = YES;
				CLANG_WARN_COMMA = YES;
				CLANG_WARN_CONSTANT_CONVERSION = YES;
				CLANG_WARN_DEPRECATED_OBJC_IMPLEMENTATIONS = YES;
				CLANG_WARN_DIRECT_OBJC_ISA_USAGE = YES_ERROR;
				CLANG_WARN_DOCUMENTATION_COMMENTS = YES;
				CLANG_WARN_EMPTY_BODY = YES;
				CLANG_WARN_ENUM_CONVERSION = YES;
				CLANG_WARN_INFINITE_RECURSION = YES;
				CLANG_WARN_INT_CONVERSION = YES;
				CLANG_WARN_NON_LITERAL_NULL_CONVERSION = YES;
				CLANG_WARN_OBJC_IMPLICIT_RETAIN_SELF = YES;
				CLANG_WARN_OBJC_LITERAL_CONVERSION = YES;
				CLANG_WARN_OBJC_ROOT_CLASS = YES_ERROR;
				CLANG_WARN_RANGE_LOOP_ANALYSIS = YES;
				CLANG_WARN_STRICT_PROTOTYPES = YES;
				CLANG_WARN_SUSPICIOUS_MOVE = YES;
				CLANG_WARN_UNGUARDED_AVAILABILITY = YES_AGGRESSIVE;
				CLANG_WARN_UNREACHABLE_CODE = YES;
				CLANG_WARN__DUPLICATE_METHOD_MATCH = YES;
				CODE_SIGN_IDENTITY = "Mac Developer";
				COPY_PHASE_STRIP = NO;
				DEBUG_INFORMATION_FORMAT = "dwarf-with-dsym";
				ENABLE_NS_ASSERTIONS = NO;
				ENABLE_STRICT_OBJC_MSGSEND = YES;
				GCC_C_LANGUAGE_STANDARD = gnu11;
				GCC_NO_COMMON_BLOCKS = YES;
				GCC_WARN_64_TO_32_BIT_CONVERSION = YES;
				GCC_WARN_ABOUT_RETURN_TYPE = YES_ERROR;
				GCC_WARN_UNDECLARED_SELECTOR = YES;
				GCC_WARN_UNINITIALIZED_AUTOS = YES_AGGRESSIVE;
				GCC_WARN_UNUSED_FUNCTION = YES;
				GCC_WARN_UNUSED_VARIABLE = YES;
				MACOSX_DEPLOYMENT_TARGET = 10.13;
				MTL_ENABLE_DEBUG_INFO = NO;
				MTL_FAST_MATH = YES;
				SDKROOT = macosx;
			};
			name = Release;
		};
		A3381AFE2334B6C300FA5F22 /* Debug */ = {
			isa = XCBuildConfiguration;
			buildSettings = {
				CODE_SIGN_STYLE = Automatic;
				DEVELOPMENT_TEAM = 88A68Y2VZG;
				PRODUCT_NAME = "$(TARGET_NAME)";
			};
			name = Debug;
		};
		A3381AFF2334B6C300FA5F22 /* Release */ = {
			isa = XCBuildConfiguration;
			buildSettings = {
				CODE_SIGN_STYLE = Automatic;
				DEVELOPMENT_TEAM = 88A68Y2VZG;
				PRODUCT_NAME = "$(TARGET_NAME)";
			};
			name = Release;
		};
		A358B1E4233C93D400EE72A2 /* Debug */ = {
			isa = XCBuildConfiguration;
			buildSettings = {
				CODE_SIGN_STYLE = Automatic;
				DEVELOPMENT_TEAM = 88A68Y2VZG;
				"OTHER_LDFLAGS[arch=*]" = "-lncurses";
				PRODUCT_NAME = "$(TARGET_NAME)";
			};
			name = Debug;
		};
		A358B1E5233C93D400EE72A2 /* Release */ = {
			isa = XCBuildConfiguration;
			buildSettings = {
				CODE_SIGN_STYLE = Automatic;
				DEVELOPMENT_TEAM = 88A68Y2VZG;
				"OTHER_LDFLAGS[arch=*]" = "-lncurses";
				PRODUCT_NAME = "$(TARGET_NAME)";
			};
			name = Release;
		};
/* End XCBuildConfiguration section */

/* Begin XCConfigurationList section */
		A3381AF12334B6C300FA5F22 /* Build configuration list for PBXProject "TopLangCompiler" */ = {
			isa = XCConfigurationList;
			buildConfigurations = (
				A3381AFB2334B6C300FA5F22 /* Debug */,
				A3381AFC2334B6C300FA5F22 /* Release */,
			);
			defaultConfigurationIsVisible = 0;
			defaultConfigurationName = Release;
		};
		A3381AFD2334B6C300FA5F22 /* Build configuration list for PBXNativeTarget "TopLangCompiler" */ = {
			isa = XCConfigurationList;
			buildConfigurations = (
				A3381AFE2334B6C300FA5F22 /* Debug */,
				A3381AFF2334B6C300FA5F22 /* Release */,
			);
			defaultConfigurationIsVisible = 0;
			defaultConfigurationName = Release;
		};
		A358B1E3233C93D400EE72A2 /* Build configuration list for PBXNativeTarget "CodeEditor" */ = {
			isa = XCConfigurationList;
			buildConfigurations = (
				A358B1E4233C93D400EE72A2 /* Debug */,
				A358B1E5233C93D400EE72A2 /* Release */,
			);
			defaultConfigurationIsVisible = 0;
			defaultConfigurationName = Release;
		};
/* End XCConfigurationList section */
	};
	rootObject = A3381AEE2334B6C300FA5F22 /* Project object */;
}
